// !$*UTF8*$!
{
	archiveVersion = 1;
	classes = {
	};
	objectVersion = 56;
	objects = {

/* Begin PBXBuildFile section */
		A508D86729804D3F00624B83 /* SplashScreenExampleApp.swift in Sources */ = {isa = PBXBuildFile; fileRef = A508D86629804D3F00624B83 /* SplashScreenExampleApp.swift */; };
		A508D86929804D3F00624B83 /* ContentView.swift in Sources */ = {isa = PBXBuildFile; fileRef = A508D86829804D3F00624B83 /* ContentView.swift */; };
		A508D86B29804D4000624B83 /* Assets.xcassets in Resources */ = {isa = PBXBuildFile; fileRef = A508D86A29804D4000624B83 /* Assets.xcassets */; };
		A508D86E29804D4000624B83 /* Preview Assets.xcassets in Resources */ = {isa = PBXBuildFile; fileRef = A508D86D29804D4000624B83 /* Preview Assets.xcassets */; };
		A508D87829804D4100624B83 /* SplashScreenExampleTests.swift in Sources */ = {isa = PBXBuildFile; fileRef = A508D87729804D4100624B83 /* SplashScreenExampleTests.swift */; };
		A508D88229804D4100624B83 /* SplashScreenExampleUITests.swift in Sources */ = {isa = PBXBuildFile; fileRef = A508D88129804D4100624B83 /* SplashScreenExampleUITests.swift */; };
		A508D88429804D4100624B83 /* SplashScreenExampleUITestsLaunchTests.swift in Sources */ = {isa = PBXBuildFile; fileRef = A508D88329804D4100624B83 /* SplashScreenExampleUITestsLaunchTests.swift */; };
		A508D89129804D9C00624B83 /* SplashScreenView.swift in Sources */ = {isa = PBXBuildFile; fileRef = A508D89029804D9C00624B83 /* SplashScreenView.swift */; };
		A508D8952980775300624B83 /* SplashScreenViewModel.swift in Sources */ = {isa = PBXBuildFile; fileRef = A508D8942980775300624B83 /* SplashScreenViewModel.swift */; };
		A52F1CE52981A7A5004896DC /* BumperScreen.swift in Sources */ = {isa = PBXBuildFile; fileRef = A52F1CE42981A7A5004896DC /* BumperScreen.swift */; };
		A52F1CE82981A8C1004896DC /* Lottie in Frameworks */ = {isa = PBXBuildFile; productRef = A52F1CE72981A8C1004896DC /* Lottie */; };
		A52F1CEE2982D45C004896DC /* BumperScreenViewModel.swift in Sources */ = {isa = PBXBuildFile; fileRef = A52F1CED2982D45C004896DC /* BumperScreenViewModel.swift */; };
		A52F1CF42984416F004896DC /* CheckBoxField.swift in Sources */ = {isa = PBXBuildFile; fileRef = A52F1CF32984416F004896DC /* CheckBoxField.swift */; };
		A52F1D342992B331004896DC /* SheetManager.swift in Sources */ = {isa = PBXBuildFile; fileRef = A52F1D332992B331004896DC /* SheetManager.swift */; };
		A52F1D362992B354004896DC /* PopupView.swift in Sources */ = {isa = PBXBuildFile; fileRef = A52F1D352992B354004896DC /* PopupView.swift */; };
		A52F1D382992B380004896DC /* PopupViewModifier.swift in Sources */ = {isa = PBXBuildFile; fileRef = A52F1D372992B37F004896DC /* PopupViewModifier.swift */; };
		A52F1D3A2992B3A2004896DC /* View+Extension.swift in Sources */ = {isa = PBXBuildFile; fileRef = A52F1D392992B3A2004896DC /* View+Extension.swift */; };
		A52F1D3C2992CA78004896DC /* WelcomeScreenView.swift in Sources */ = {isa = PBXBuildFile; fileRef = A52F1D3B2992CA78004896DC /* WelcomeScreenView.swift */; };
		A52F1D3E2993F840004896DC /* Font+Extension.swift in Sources */ = {isa = PBXBuildFile; fileRef = A52F1D3D2993F840004896DC /* Font+Extension.swift */; };
		A52F1D402993FE9A004896DC /* WelcomeScreenTabbedView.swift in Sources */ = {isa = PBXBuildFile; fileRef = A52F1D3F2993FE9A004896DC /* WelcomeScreenTabbedView.swift */; };
		A52F1D4229954BB0004896DC /* HomeView.swift in Sources */ = {isa = PBXBuildFile; fileRef = A52F1D4129954BB0004896DC /* HomeView.swift */; };
		A52F1D442995509C004896DC /* SpeakerCardView.swift in Sources */ = {isa = PBXBuildFile; fileRef = A52F1D432995509C004896DC /* SpeakerCardView.swift */; };
		A52F1D4629958499004896DC /* SoundProfilePopupView.swift in Sources */ = {isa = PBXBuildFile; fileRef = A52F1D4529958499004896DC /* SoundProfilePopupView.swift */; };
		A52F1D48299D18A9004896DC /* AddSpeakerCardView.swift in Sources */ = {isa = PBXBuildFile; fileRef = A52F1D47299D18A9004896DC /* AddSpeakerCardView.swift */; };
		A52F1E2529ACF178004896DC /* SetupGuideSpeakerSearchView.swift in Sources */ = {isa = PBXBuildFile; fileRef = A52F1E2429ACF178004896DC /* SetupGuideSpeakerSearchView.swift */; };
		A52F1E2729ACF712004896DC /* SetupGuideSpeakerConnectionStepOneView.swift in Sources */ = {isa = PBXBuildFile; fileRef = A52F1E2629ACF712004896DC /* SetupGuideSpeakerConnectionStepOneView.swift */; };
		A52F1E2929ACFBC0004896DC /* SetupGuideSpeakerConnectionStepTwoView.swift in Sources */ = {isa = PBXBuildFile; fileRef = A52F1E2829ACFBC0004896DC /* SetupGuideSpeakerConnectionStepTwoView.swift */; };
		A52F1E3B29B67365004896DC /* GreaterViewOptions.swift in Sources */ = {isa = PBXBuildFile; fileRef = A52F1E3A29B67365004896DC /* GreaterViewOptions.swift */; };
		A52F1E4029B677BE004896DC /* JamConnectionSuccessfulView.swift in Sources */ = {isa = PBXBuildFile; fileRef = A52F1E3F29B677BE004896DC /* JamConnectionSuccessfulView.swift */; };
		A52F1E4229B68154004896DC /* FirmwareUpdateView.swift in Sources */ = {isa = PBXBuildFile; fileRef = A52F1E4129B68154004896DC /* FirmwareUpdateView.swift */; };
		A52F1E4429B684A7004896DC /* JamRegisterView.swift in Sources */ = {isa = PBXBuildFile; fileRef = A52F1E4329B684A7004896DC /* JamRegisterView.swift */; };
		A52F1E4629B8ECFD004896DC /* Bass50SetupOneView.swift in Sources */ = {isa = PBXBuildFile; fileRef = A52F1E4529B8ECFD004896DC /* Bass50SetupOneView.swift */; };
		A52F1E4829B8ED55004896DC /* Bass50SetupTwoView.swift in Sources */ = {isa = PBXBuildFile; fileRef = A52F1E4729B8ED55004896DC /* Bass50SetupTwoView.swift */; };
		A52F1E4A29B8EE06004896DC /* Bass50SetupThreeView.swift in Sources */ = {isa = PBXBuildFile; fileRef = A52F1E4929B8EE06004896DC /* Bass50SetupThreeView.swift */; };
		A52F1E4C29BA3A5A004896DC /* Bumper_Animation_Black_v2.json in Resources */ = {isa = PBXBuildFile; fileRef = A52F1E4B29BA3A5A004896DC /* Bumper_Animation_Black_v2.json */; };
		A52F1E4E29BA3A89004896DC /* Loading_Wheel_360x40.json in Resources */ = {isa = PBXBuildFile; fileRef = A52F1E4D29BA3A89004896DC /* Loading_Wheel_360x40.json */; };
		A52F1E5329BA4F41004896DC /* BaseView.swift in Sources */ = {isa = PBXBuildFile; fileRef = A52F1E5229BA4F41004896DC /* BaseView.swift */; };
		A52F1E8E29C2524D004896DC /* ContentViewViewModel.swift in Sources */ = {isa = PBXBuildFile; fileRef = A52F1E8D29C2524D004896DC /* ContentViewViewModel.swift */; };
		A52F1E9029C25544004896DC /* WelcomeScreenViewViewModel.swift in Sources */ = {isa = PBXBuildFile; fileRef = A52F1E8F29C25544004896DC /* WelcomeScreenViewViewModel.swift */; };
		A52F1E9629C25DD1004896DC /* SetupGuideSpeakerSearchViewViewModel.swift in Sources */ = {isa = PBXBuildFile; fileRef = A52F1E9529C25DD1004896DC /* SetupGuideSpeakerSearchViewViewModel.swift */; };
		A5D2DAA729CB40B00029993B /* Bass50SetupFourView.swift in Sources */ = {isa = PBXBuildFile; fileRef = A5D2DAA629CB40B00029993B /* Bass50SetupFourView.swift */; };
		A5D2DAA929CB46E60029993B /* Bass50SetupFiveView.swift in Sources */ = {isa = PBXBuildFile; fileRef = A5D2DAA829CB46E60029993B /* Bass50SetupFiveView.swift */; };
		A5D2DAAB29CB4A7A0029993B /* Bass50SetupSixView.swift in Sources */ = {isa = PBXBuildFile; fileRef = A5D2DAAA29CB4A7A0029993B /* Bass50SetupSixView.swift */; };
		A5D2DAAD29CB4D960029993B /* Bass50SetupNineView.swift in Sources */ = {isa = PBXBuildFile; fileRef = A5D2DAAC29CB4D960029993B /* Bass50SetupNineView.swift */; };
		A5D2DAAF29CB52D90029993B /* Bass50SetupElevenView.swift in Sources */ = {isa = PBXBuildFile; fileRef = A5D2DAAE29CB52D90029993B /* Bass50SetupElevenView.swift */; };
		A5D2DAB129CB53EB0029993B /* Bass50SetupTwelveView.swift in Sources */ = {isa = PBXBuildFile; fileRef = A5D2DAB029CB53EB0029993B /* Bass50SetupTwelveView.swift */; };
		A5D2DAB329CC85D40029993B /* Bass50SetupThirteenView.swift in Sources */ = {isa = PBXBuildFile; fileRef = A5D2DAB229CC85D40029993B /* Bass50SetupThirteenView.swift */; };
		A5D2DAB529CC8D890029993B /* Bass50SetupFourteenView.swift in Sources */ = {isa = PBXBuildFile; fileRef = A5D2DAB429CC8D890029993B /* Bass50SetupFourteenView.swift */; };
		A5D2DAB729CC91680029993B /* Bass50Setup13FailedView.swift in Sources */ = {isa = PBXBuildFile; fileRef = A5D2DAB629CC91680029993B /* Bass50Setup13FailedView.swift */; };
		A5D2DAB929CC93A80029993B /* Bass50SetupThirteenLastAttemptView.swift in Sources */ = {isa = PBXBuildFile; fileRef = A5D2DAB829CC93A80029993B /* Bass50SetupThirteenLastAttemptView.swift */; };
		A5D2DABB29CC9BF70029993B /* Bass50SetupSeventeenCDMountView.swift in Sources */ = {isa = PBXBuildFile; fileRef = A5D2DABA29CC9BF70029993B /* Bass50SetupSeventeenCDMountView.swift */; };
		A5D2DABD29CCA1410029993B /* Bass50SetupEighteenTurnStereoOnView.swift in Sources */ = {isa = PBXBuildFile; fileRef = A5D2DABC29CCA1410029993B /* Bass50SetupEighteenTurnStereoOnView.swift */; };
		A5D2DABF29CCA3790029993B /* Bass50SetupNineteenSyncStartView.swift in Sources */ = {isa = PBXBuildFile; fileRef = A5D2DABE29CCA3790029993B /* Bass50SetupNineteenSyncStartView.swift */; };
		A5D2DAC129CDE5350029993B /* Bass50SetupTwentySyncCompleteView.swift in Sources */ = {isa = PBXBuildFile; fileRef = A5D2DAC029CDE5350029993B /* Bass50SetupTwentySyncCompleteView.swift */; };
		A5D2DAC329D1E2290029993B /* Bass50SetupCompleteView.swift in Sources */ = {isa = PBXBuildFile; fileRef = A5D2DAC229D1E2290029993B /* Bass50SetupCompleteView.swift */; };
		A5D2DAC729D1E4B20029993B /* Bass50SetupAutoSyncUnsuccessfulView.swift in Sources */ = {isa = PBXBuildFile; fileRef = A5D2DAC629D1E4B20029993B /* Bass50SetupAutoSyncUnsuccessfulView.swift */; };
		A5D2DAC929D1E5660029993B /* Bass50SetupManualSyncView.swift in Sources */ = {isa = PBXBuildFile; fileRef = A5D2DAC829D1E5660029993B /* Bass50SetupManualSyncView.swift */; };
		A5D2DACB29D1E9B20029993B /* Bass50SetupSpeakerSystemStartView.swift in Sources */ = {isa = PBXBuildFile; fileRef = A5D2DACA29D1E9B20029993B /* Bass50SetupSpeakerSystemStartView.swift */; };
		A5D2DACD29D202510029993B /* Bass50SpeakerSystemConnectStepOneView.swift in Sources */ = {isa = PBXBuildFile; fileRef = A5D2DACC29D202510029993B /* Bass50SpeakerSystemConnectStepOneView.swift */; };
		A5D2DAD129D20A4F0029993B /* Bass50SpeakerSystemConnectStepTwoView.swift in Sources */ = {isa = PBXBuildFile; fileRef = A5D2DAD029D20A4F0029993B /* Bass50SpeakerSystemConnectStepTwoView.swift */; };
		A5D2DAD329D20C0C0029993B /* Bass50SpeakerSystemConnectSuccuessfulView.swift in Sources */ = {isa = PBXBuildFile; fileRef = A5D2DAD229D20C0C0029993B /* Bass50SpeakerSystemConnectSuccuessfulView.swift */; };
		A5D2DAD529D32DD20029993B /* Bass50SpeakerSystemConnectStepThreeView.swift in Sources */ = {isa = PBXBuildFile; fileRef = A5D2DAD429D32DD20029993B /* Bass50SpeakerSystemConnectStepThreeView.swift */; };
		A5D2DAD729D32E8E0029993B /* Bass50SpeakerSystemOtherView.swift in Sources */ = {isa = PBXBuildFile; fileRef = A5D2DAD629D32E8E0029993B /* Bass50SpeakerSystemOtherView.swift */; };
		A5D2DAD929DF0AD80029993B /* SpeakerSettingsView.swift in Sources */ = {isa = PBXBuildFile; fileRef = A5D2DAD829DF0AD80029993B /* SpeakerSettingsView.swift */; };
		A5D2DADB29E9977B0029993B /* SoundPresetCreationNameSoundView.swift in Sources */ = {isa = PBXBuildFile; fileRef = A5D2DADA29E9977B0029993B /* SoundPresetCreationNameSoundView.swift */; };
		A5D2DADD29E9A69C0029993B /* SoundPresetCreationLocationsView.swift in Sources */ = {isa = PBXBuildFile; fileRef = A5D2DADC29E9A69C0029993B /* SoundPresetCreationLocationsView.swift */; };
		A5D2DADF29E9D0E00029993B /* SoundPresetCreationPlacementGuidesView.swift in Sources */ = {isa = PBXBuildFile; fileRef = A5D2DADE29E9D0E00029993B /* SoundPresetCreationPlacementGuidesView.swift */; };
		A5D2DAE129E9DAE60029993B /* SoundPresetCreationSuccessView.swift in Sources */ = {isa = PBXBuildFile; fileRef = A5D2DAE029E9DAE60029993B /* SoundPresetCreationSuccessView.swift */; };
		A5D2DAE529F175890029993B /* SoundSettingsView.swift in Sources */ = {isa = PBXBuildFile; fileRef = A5D2DAE429F175890029993B /* SoundSettingsView.swift */; };
		A5D2DAE829F96AC70029993B /* SettingsTabView.swift in Sources */ = {isa = PBXBuildFile; fileRef = A5D2DAE729F96AC70029993B /* SettingsTabView.swift */; };
		A5D2DAEA29FABF8B0029993B /* AppSettingsView.swift in Sources */ = {isa = PBXBuildFile; fileRef = A5D2DAE929FABF8B0029993B /* AppSettingsView.swift */; };
		A5D2DAED29FC560B0029993B /* ButtonStyles.swift in Sources */ = {isa = PBXBuildFile; fileRef = A5D2DAEC29FC560B0029993B /* ButtonStyles.swift */; };
		A5D2DAEF2A013C720029993B /* ButtonGuidesView.swift in Sources */ = {isa = PBXBuildFile; fileRef = A5D2DAEE2A013C720029993B /* ButtonGuidesView.swift */; };
		A5D2DAF32A013F600029993B /* JAM5ButtonsGuideView.swift in Sources */ = {isa = PBXBuildFile; fileRef = A5D2DAF22A013F600029993B /* JAM5ButtonsGuideView.swift */; };
		A5D2DAF52A0143260029993B /* TipsAndTricksView.swift in Sources */ = {isa = PBXBuildFile; fileRef = A5D2DAF42A0143260029993B /* TipsAndTricksView.swift */; };
		A5D2DAF72A0143780029993B /* JAM5TipsAndTricksView.swift in Sources */ = {isa = PBXBuildFile; fileRef = A5D2DAF62A0143780029993B /* JAM5TipsAndTricksView.swift */; };
		A5D2DAF92A0146AF0029993B /* TroubleShootingGuidesView.swift in Sources */ = {isa = PBXBuildFile; fileRef = A5D2DAF82A0146AF0029993B /* TroubleShootingGuidesView.swift */; };
		A5D2DAFB2A0148980029993B /* JAM5TroubleShootingGuideView.swift in Sources */ = {isa = PBXBuildFile; fileRef = A5D2DAFA2A0148980029993B /* JAM5TroubleShootingGuideView.swift */; };
		A5D2DAFD2A014FDB0029993B /* ContactUsView.swift in Sources */ = {isa = PBXBuildFile; fileRef = A5D2DAFC2A014FDB0029993B /* ContactUsView.swift */; };
		A5D2DB002A05695D0029993B /* NotificationView.swift in Sources */ = {isa = PBXBuildFile; fileRef = A5D2DAFF2A05695D0029993B /* NotificationView.swift */; };
/* End PBXBuildFile section */

/* Begin PBXContainerItemProxy section */
		A508D87429804D4100624B83 /* PBXContainerItemProxy */ = {
			isa = PBXContainerItemProxy;
			containerPortal = A508D85B29804D3F00624B83 /* Project object */;
			proxyType = 1;
			remoteGlobalIDString = A508D86229804D3F00624B83;
			remoteInfo = SplashScreenExample;
		};
		A508D87E29804D4100624B83 /* PBXContainerItemProxy */ = {
			isa = PBXContainerItemProxy;
			containerPortal = A508D85B29804D3F00624B83 /* Project object */;
			proxyType = 1;
			remoteGlobalIDString = A508D86229804D3F00624B83;
			remoteInfo = SplashScreenExample;
		};
/* End PBXContainerItemProxy section */

/* Begin PBXFileReference section */
		A508D86329804D3F00624B83 /* SplashScreenExample.app */ = {isa = PBXFileReference; explicitFileType = wrapper.application; includeInIndex = 0; path = SplashScreenExample.app; sourceTree = BUILT_PRODUCTS_DIR; };
		A508D86629804D3F00624B83 /* SplashScreenExampleApp.swift */ = {isa = PBXFileReference; lastKnownFileType = sourcecode.swift; path = SplashScreenExampleApp.swift; sourceTree = "<group>"; };
		A508D86829804D3F00624B83 /* ContentView.swift */ = {isa = PBXFileReference; lastKnownFileType = sourcecode.swift; path = ContentView.swift; sourceTree = "<group>"; };
		A508D86A29804D4000624B83 /* Assets.xcassets */ = {isa = PBXFileReference; lastKnownFileType = folder.assetcatalog; path = Assets.xcassets; sourceTree = "<group>"; };
		A508D86D29804D4000624B83 /* Preview Assets.xcassets */ = {isa = PBXFileReference; lastKnownFileType = folder.assetcatalog; path = "Preview Assets.xcassets"; sourceTree = "<group>"; };
		A508D87329804D4100624B83 /* SplashScreenExampleTests.xctest */ = {isa = PBXFileReference; explicitFileType = wrapper.cfbundle; includeInIndex = 0; path = SplashScreenExampleTests.xctest; sourceTree = BUILT_PRODUCTS_DIR; };
		A508D87729804D4100624B83 /* SplashScreenExampleTests.swift */ = {isa = PBXFileReference; lastKnownFileType = sourcecode.swift; path = SplashScreenExampleTests.swift; sourceTree = "<group>"; };
		A508D87D29804D4100624B83 /* SplashScreenExampleUITests.xctest */ = {isa = PBXFileReference; explicitFileType = wrapper.cfbundle; includeInIndex = 0; path = SplashScreenExampleUITests.xctest; sourceTree = BUILT_PRODUCTS_DIR; };
		A508D88129804D4100624B83 /* SplashScreenExampleUITests.swift */ = {isa = PBXFileReference; lastKnownFileType = sourcecode.swift; path = SplashScreenExampleUITests.swift; sourceTree = "<group>"; };
		A508D88329804D4100624B83 /* SplashScreenExampleUITestsLaunchTests.swift */ = {isa = PBXFileReference; lastKnownFileType = sourcecode.swift; path = SplashScreenExampleUITestsLaunchTests.swift; sourceTree = "<group>"; };
		A508D89029804D9C00624B83 /* SplashScreenView.swift */ = {isa = PBXFileReference; lastKnownFileType = sourcecode.swift; path = SplashScreenView.swift; sourceTree = "<group>"; };
		A508D8942980775300624B83 /* SplashScreenViewModel.swift */ = {isa = PBXFileReference; lastKnownFileType = sourcecode.swift; path = SplashScreenViewModel.swift; sourceTree = "<group>"; };
		A52F1CE129817F2D004896DC /* Info.plist */ = {isa = PBXFileReference; lastKnownFileType = text.plist; path = Info.plist; sourceTree = "<group>"; };
		A52F1CE42981A7A5004896DC /* BumperScreen.swift */ = {isa = PBXFileReference; lastKnownFileType = sourcecode.swift; path = BumperScreen.swift; sourceTree = "<group>"; };
		A52F1CED2982D45C004896DC /* BumperScreenViewModel.swift */ = {isa = PBXFileReference; lastKnownFileType = sourcecode.swift; path = BumperScreenViewModel.swift; sourceTree = "<group>"; };
		A52F1CF32984416F004896DC /* CheckBoxField.swift */ = {isa = PBXFileReference; lastKnownFileType = sourcecode.swift; path = CheckBoxField.swift; sourceTree = "<group>"; };
		A52F1D332992B331004896DC /* SheetManager.swift */ = {isa = PBXFileReference; lastKnownFileType = sourcecode.swift; path = SheetManager.swift; sourceTree = "<group>"; };
		A52F1D352992B354004896DC /* PopupView.swift */ = {isa = PBXFileReference; lastKnownFileType = sourcecode.swift; path = PopupView.swift; sourceTree = "<group>"; };
		A52F1D372992B37F004896DC /* PopupViewModifier.swift */ = {isa = PBXFileReference; lastKnownFileType = sourcecode.swift; path = PopupViewModifier.swift; sourceTree = "<group>"; };
		A52F1D392992B3A2004896DC /* View+Extension.swift */ = {isa = PBXFileReference; lastKnownFileType = sourcecode.swift; path = "View+Extension.swift"; sourceTree = "<group>"; };
		A52F1D3B2992CA78004896DC /* WelcomeScreenView.swift */ = {isa = PBXFileReference; lastKnownFileType = sourcecode.swift; path = WelcomeScreenView.swift; sourceTree = "<group>"; };
		A52F1D3D2993F840004896DC /* Font+Extension.swift */ = {isa = PBXFileReference; lastKnownFileType = sourcecode.swift; path = "Font+Extension.swift"; sourceTree = "<group>"; };
		A52F1D3F2993FE9A004896DC /* WelcomeScreenTabbedView.swift */ = {isa = PBXFileReference; lastKnownFileType = sourcecode.swift; path = WelcomeScreenTabbedView.swift; sourceTree = "<group>"; };
		A52F1D4129954BB0004896DC /* HomeView.swift */ = {isa = PBXFileReference; lastKnownFileType = sourcecode.swift; path = HomeView.swift; sourceTree = "<group>"; };
		A52F1D432995509C004896DC /* SpeakerCardView.swift */ = {isa = PBXFileReference; lastKnownFileType = sourcecode.swift; path = SpeakerCardView.swift; sourceTree = "<group>"; };
		A52F1D4529958499004896DC /* SoundProfilePopupView.swift */ = {isa = PBXFileReference; lastKnownFileType = sourcecode.swift; path = SoundProfilePopupView.swift; sourceTree = "<group>"; };
		A52F1D47299D18A9004896DC /* AddSpeakerCardView.swift */ = {isa = PBXFileReference; lastKnownFileType = sourcecode.swift; path = AddSpeakerCardView.swift; sourceTree = "<group>"; };
		A52F1E2429ACF178004896DC /* SetupGuideSpeakerSearchView.swift */ = {isa = PBXFileReference; lastKnownFileType = sourcecode.swift; path = SetupGuideSpeakerSearchView.swift; sourceTree = "<group>"; };
		A52F1E2629ACF712004896DC /* SetupGuideSpeakerConnectionStepOneView.swift */ = {isa = PBXFileReference; lastKnownFileType = sourcecode.swift; path = SetupGuideSpeakerConnectionStepOneView.swift; sourceTree = "<group>"; };
		A52F1E2829ACFBC0004896DC /* SetupGuideSpeakerConnectionStepTwoView.swift */ = {isa = PBXFileReference; lastKnownFileType = sourcecode.swift; path = SetupGuideSpeakerConnectionStepTwoView.swift; sourceTree = "<group>"; };
		A52F1E3529B66A7C004896DC /* Loading_Wheel_360x40.json */ = {isa = PBXFileReference; lastKnownFileType = text.json; path = Loading_Wheel_360x40.json; sourceTree = "<group>"; };
		A52F1E3629B66A7C004896DC /* Bumper_Animation_Black_v2-2.json */ = {isa = PBXFileReference; lastKnownFileType = text.json; path = "Bumper_Animation_Black_v2-2.json"; sourceTree = "<group>"; };
		A52F1E3A29B67365004896DC /* GreaterViewOptions.swift */ = {isa = PBXFileReference; lastKnownFileType = sourcecode.swift; path = GreaterViewOptions.swift; sourceTree = "<group>"; };
		A52F1E3F29B677BE004896DC /* JamConnectionSuccessfulView.swift */ = {isa = PBXFileReference; lastKnownFileType = sourcecode.swift; path = JamConnectionSuccessfulView.swift; sourceTree = "<group>"; };
		A52F1E4129B68154004896DC /* FirmwareUpdateView.swift */ = {isa = PBXFileReference; lastKnownFileType = sourcecode.swift; path = FirmwareUpdateView.swift; sourceTree = "<group>"; };
		A52F1E4329B684A7004896DC /* JamRegisterView.swift */ = {isa = PBXFileReference; lastKnownFileType = sourcecode.swift; path = JamRegisterView.swift; sourceTree = "<group>"; };
		A52F1E4529B8ECFD004896DC /* Bass50SetupOneView.swift */ = {isa = PBXFileReference; lastKnownFileType = sourcecode.swift; path = Bass50SetupOneView.swift; sourceTree = "<group>"; };
		A52F1E4729B8ED55004896DC /* Bass50SetupTwoView.swift */ = {isa = PBXFileReference; lastKnownFileType = sourcecode.swift; path = Bass50SetupTwoView.swift; sourceTree = "<group>"; };
		A52F1E4929B8EE06004896DC /* Bass50SetupThreeView.swift */ = {isa = PBXFileReference; lastKnownFileType = sourcecode.swift; path = Bass50SetupThreeView.swift; sourceTree = "<group>"; };
		A52F1E4B29BA3A5A004896DC /* Bumper_Animation_Black_v2.json */ = {isa = PBXFileReference; fileEncoding = 4; lastKnownFileType = text.json; name = Bumper_Animation_Black_v2.json; path = ../../../../../Downloads/Bumper_Animation_Black_v2.json; sourceTree = "<group>"; };
		A52F1E4D29BA3A89004896DC /* Loading_Wheel_360x40.json */ = {isa = PBXFileReference; fileEncoding = 4; lastKnownFileType = text.json; name = Loading_Wheel_360x40.json; path = ../../../../../Downloads/Loading_Wheel_360x40.json; sourceTree = "<group>"; };
		A52F1E5229BA4F41004896DC /* BaseView.swift */ = {isa = PBXFileReference; lastKnownFileType = sourcecode.swift; path = BaseView.swift; sourceTree = "<group>"; };
		A52F1E8D29C2524D004896DC /* ContentViewViewModel.swift */ = {isa = PBXFileReference; lastKnownFileType = sourcecode.swift; path = ContentViewViewModel.swift; sourceTree = "<group>"; };
		A52F1E8F29C25544004896DC /* WelcomeScreenViewViewModel.swift */ = {isa = PBXFileReference; lastKnownFileType = sourcecode.swift; path = WelcomeScreenViewViewModel.swift; sourceTree = "<group>"; };
		A52F1E9529C25DD1004896DC /* SetupGuideSpeakerSearchViewViewModel.swift */ = {isa = PBXFileReference; lastKnownFileType = sourcecode.swift; path = SetupGuideSpeakerSearchViewViewModel.swift; sourceTree = "<group>"; };
		A5D2DAA629CB40B00029993B /* Bass50SetupFourView.swift */ = {isa = PBXFileReference; lastKnownFileType = sourcecode.swift; path = Bass50SetupFourView.swift; sourceTree = "<group>"; };
		A5D2DAA829CB46E60029993B /* Bass50SetupFiveView.swift */ = {isa = PBXFileReference; lastKnownFileType = sourcecode.swift; path = Bass50SetupFiveView.swift; sourceTree = "<group>"; };
		A5D2DAAA29CB4A7A0029993B /* Bass50SetupSixView.swift */ = {isa = PBXFileReference; lastKnownFileType = sourcecode.swift; path = Bass50SetupSixView.swift; sourceTree = "<group>"; };
		A5D2DAAC29CB4D960029993B /* Bass50SetupNineView.swift */ = {isa = PBXFileReference; lastKnownFileType = sourcecode.swift; path = Bass50SetupNineView.swift; sourceTree = "<group>"; };
		A5D2DAAE29CB52D90029993B /* Bass50SetupElevenView.swift */ = {isa = PBXFileReference; lastKnownFileType = sourcecode.swift; path = Bass50SetupElevenView.swift; sourceTree = "<group>"; };
		A5D2DAB029CB53EB0029993B /* Bass50SetupTwelveView.swift */ = {isa = PBXFileReference; lastKnownFileType = sourcecode.swift; path = Bass50SetupTwelveView.swift; sourceTree = "<group>"; };
		A5D2DAB229CC85D40029993B /* Bass50SetupThirteenView.swift */ = {isa = PBXFileReference; lastKnownFileType = sourcecode.swift; path = Bass50SetupThirteenView.swift; sourceTree = "<group>"; };
		A5D2DAB429CC8D890029993B /* Bass50SetupFourteenView.swift */ = {isa = PBXFileReference; lastKnownFileType = sourcecode.swift; path = Bass50SetupFourteenView.swift; sourceTree = "<group>"; };
		A5D2DAB629CC91680029993B /* Bass50Setup13FailedView.swift */ = {isa = PBXFileReference; lastKnownFileType = sourcecode.swift; path = Bass50Setup13FailedView.swift; sourceTree = "<group>"; };
		A5D2DAB829CC93A80029993B /* Bass50SetupThirteenLastAttemptView.swift */ = {isa = PBXFileReference; lastKnownFileType = sourcecode.swift; path = Bass50SetupThirteenLastAttemptView.swift; sourceTree = "<group>"; };
		A5D2DABA29CC9BF70029993B /* Bass50SetupSeventeenCDMountView.swift */ = {isa = PBXFileReference; lastKnownFileType = sourcecode.swift; path = Bass50SetupSeventeenCDMountView.swift; sourceTree = "<group>"; };
		A5D2DABC29CCA1410029993B /* Bass50SetupEighteenTurnStereoOnView.swift */ = {isa = PBXFileReference; lastKnownFileType = sourcecode.swift; path = Bass50SetupEighteenTurnStereoOnView.swift; sourceTree = "<group>"; };
		A5D2DABE29CCA3790029993B /* Bass50SetupNineteenSyncStartView.swift */ = {isa = PBXFileReference; lastKnownFileType = sourcecode.swift; path = Bass50SetupNineteenSyncStartView.swift; sourceTree = "<group>"; };
		A5D2DAC029CDE5350029993B /* Bass50SetupTwentySyncCompleteView.swift */ = {isa = PBXFileReference; lastKnownFileType = sourcecode.swift; path = Bass50SetupTwentySyncCompleteView.swift; sourceTree = "<group>"; };
		A5D2DAC229D1E2290029993B /* Bass50SetupCompleteView.swift */ = {isa = PBXFileReference; lastKnownFileType = sourcecode.swift; path = Bass50SetupCompleteView.swift; sourceTree = "<group>"; };
		A5D2DAC629D1E4B20029993B /* Bass50SetupAutoSyncUnsuccessfulView.swift */ = {isa = PBXFileReference; lastKnownFileType = sourcecode.swift; path = Bass50SetupAutoSyncUnsuccessfulView.swift; sourceTree = "<group>"; };
		A5D2DAC829D1E5660029993B /* Bass50SetupManualSyncView.swift */ = {isa = PBXFileReference; lastKnownFileType = sourcecode.swift; path = Bass50SetupManualSyncView.swift; sourceTree = "<group>"; };
		A5D2DACA29D1E9B20029993B /* Bass50SetupSpeakerSystemStartView.swift */ = {isa = PBXFileReference; lastKnownFileType = sourcecode.swift; path = Bass50SetupSpeakerSystemStartView.swift; sourceTree = "<group>"; };
		A5D2DACC29D202510029993B /* Bass50SpeakerSystemConnectStepOneView.swift */ = {isa = PBXFileReference; lastKnownFileType = sourcecode.swift; path = Bass50SpeakerSystemConnectStepOneView.swift; sourceTree = "<group>"; };
		A5D2DAD029D20A4F0029993B /* Bass50SpeakerSystemConnectStepTwoView.swift */ = {isa = PBXFileReference; lastKnownFileType = sourcecode.swift; path = Bass50SpeakerSystemConnectStepTwoView.swift; sourceTree = "<group>"; };
		A5D2DAD229D20C0C0029993B /* Bass50SpeakerSystemConnectSuccuessfulView.swift */ = {isa = PBXFileReference; lastKnownFileType = sourcecode.swift; path = Bass50SpeakerSystemConnectSuccuessfulView.swift; sourceTree = "<group>"; };
		A5D2DAD429D32DD20029993B /* Bass50SpeakerSystemConnectStepThreeView.swift */ = {isa = PBXFileReference; lastKnownFileType = sourcecode.swift; path = Bass50SpeakerSystemConnectStepThreeView.swift; sourceTree = "<group>"; };
		A5D2DAD629D32E8E0029993B /* Bass50SpeakerSystemOtherView.swift */ = {isa = PBXFileReference; lastKnownFileType = sourcecode.swift; path = Bass50SpeakerSystemOtherView.swift; sourceTree = "<group>"; };
		A5D2DAD829DF0AD80029993B /* SpeakerSettingsView.swift */ = {isa = PBXFileReference; lastKnownFileType = sourcecode.swift; path = SpeakerSettingsView.swift; sourceTree = "<group>"; };
		A5D2DADA29E9977B0029993B /* SoundPresetCreationNameSoundView.swift */ = {isa = PBXFileReference; lastKnownFileType = sourcecode.swift; path = SoundPresetCreationNameSoundView.swift; sourceTree = "<group>"; };
		A5D2DADC29E9A69C0029993B /* SoundPresetCreationLocationsView.swift */ = {isa = PBXFileReference; lastKnownFileType = sourcecode.swift; path = SoundPresetCreationLocationsView.swift; sourceTree = "<group>"; };
		A5D2DADE29E9D0E00029993B /* SoundPresetCreationPlacementGuidesView.swift */ = {isa = PBXFileReference; lastKnownFileType = sourcecode.swift; path = SoundPresetCreationPlacementGuidesView.swift; sourceTree = "<group>"; };
		A5D2DAE029E9DAE60029993B /* SoundPresetCreationSuccessView.swift */ = {isa = PBXFileReference; lastKnownFileType = sourcecode.swift; path = SoundPresetCreationSuccessView.swift; sourceTree = "<group>"; };
		A5D2DAE429F175890029993B /* SoundSettingsView.swift */ = {isa = PBXFileReference; lastKnownFileType = sourcecode.swift; path = SoundSettingsView.swift; sourceTree = "<group>"; };
		A5D2DAE729F96AC70029993B /* SettingsTabView.swift */ = {isa = PBXFileReference; lastKnownFileType = sourcecode.swift; path = SettingsTabView.swift; sourceTree = "<group>"; };
		A5D2DAE929FABF8B0029993B /* AppSettingsView.swift */ = {isa = PBXFileReference; lastKnownFileType = sourcecode.swift; path = AppSettingsView.swift; sourceTree = "<group>"; };
		A5D2DAEC29FC560B0029993B /* ButtonStyles.swift */ = {isa = PBXFileReference; lastKnownFileType = sourcecode.swift; path = ButtonStyles.swift; sourceTree = "<group>"; };
		A5D2DAEE2A013C720029993B /* ButtonGuidesView.swift */ = {isa = PBXFileReference; lastKnownFileType = sourcecode.swift; path = ButtonGuidesView.swift; sourceTree = "<group>"; };
		A5D2DAF22A013F600029993B /* JAM5ButtonsGuideView.swift */ = {isa = PBXFileReference; lastKnownFileType = sourcecode.swift; path = JAM5ButtonsGuideView.swift; sourceTree = "<group>"; };
		A5D2DAF42A0143260029993B /* TipsAndTricksView.swift */ = {isa = PBXFileReference; lastKnownFileType = sourcecode.swift; path = TipsAndTricksView.swift; sourceTree = "<group>"; };
		A5D2DAF62A0143780029993B /* JAM5TipsAndTricksView.swift */ = {isa = PBXFileReference; lastKnownFileType = sourcecode.swift; path = JAM5TipsAndTricksView.swift; sourceTree = "<group>"; };
		A5D2DAF82A0146AF0029993B /* TroubleShootingGuidesView.swift */ = {isa = PBXFileReference; lastKnownFileType = sourcecode.swift; path = TroubleShootingGuidesView.swift; sourceTree = "<group>"; };
		A5D2DAFA2A0148980029993B /* JAM5TroubleShootingGuideView.swift */ = {isa = PBXFileReference; lastKnownFileType = sourcecode.swift; path = JAM5TroubleShootingGuideView.swift; sourceTree = "<group>"; };
		A5D2DAFC2A014FDB0029993B /* ContactUsView.swift */ = {isa = PBXFileReference; lastKnownFileType = sourcecode.swift; path = ContactUsView.swift; sourceTree = "<group>"; };
		A5D2DAFF2A05695D0029993B /* NotificationView.swift */ = {isa = PBXFileReference; lastKnownFileType = sourcecode.swift; path = NotificationView.swift; sourceTree = "<group>"; };
/* End PBXFileReference section */

/* Begin PBXFrameworksBuildPhase section */
		A508D86029804D3F00624B83 /* Frameworks */ = {
			isa = PBXFrameworksBuildPhase;
			buildActionMask = 2147483647;
			files = (
				A52F1CE82981A8C1004896DC /* Lottie in Frameworks */,
			);
			runOnlyForDeploymentPostprocessing = 0;
		};
		A508D87029804D4100624B83 /* Frameworks */ = {
			isa = PBXFrameworksBuildPhase;
			buildActionMask = 2147483647;
			files = (
			);
			runOnlyForDeploymentPostprocessing = 0;
		};
		A508D87A29804D4100624B83 /* Frameworks */ = {
			isa = PBXFrameworksBuildPhase;
			buildActionMask = 2147483647;
			files = (
			);
			runOnlyForDeploymentPostprocessing = 0;
		};
/* End PBXFrameworksBuildPhase section */

/* Begin PBXGroup section */
		A508D85A29804D3F00624B83 = {
			isa = PBXGroup;
			children = (
				A508D86529804D3F00624B83 /* SplashScreenExample */,
				A508D87629804D4100624B83 /* SplashScreenExampleTests */,
				A508D88029804D4100624B83 /* SplashScreenExampleUITests */,
				A508D86429804D3F00624B83 /* Products */,
			);
			sourceTree = "<group>";
		};
		A508D86429804D3F00624B83 /* Products */ = {
			isa = PBXGroup;
			children = (
				A508D86329804D3F00624B83 /* SplashScreenExample.app */,
				A508D87329804D4100624B83 /* SplashScreenExampleTests.xctest */,
				A508D87D29804D4100624B83 /* SplashScreenExampleUITests.xctest */,
			);
			name = Products;
			sourceTree = "<group>";
		};
		A508D86529804D3F00624B83 /* SplashScreenExample */ = {
			isa = PBXGroup;
			children = (
				A5D2DAEB29FC55F60029993B /* ButtonStyles */,
				A5D2DAE629F96A910029993B /* SettingsTab */,
				A52F1E5129BA4F1D004896DC /* TabView */,
				A52F1E3929B67349004896DC /* NavigationOptions */,
				A52F1E3829B66D3F004896DC /* Components */,
				A52F1E3729B66A95004896DC /* Extensions */,
				A52F1E2C29B669FE004896DC /* Animations */,
				A52F1E2B29B66900004896DC /* HomeView */,
				A52F1E2A29B63E29004896DC /* IntroViews */,
				A52F1E2329ACF14B004896DC /* SetupGuides */,
				A52F1CE129817F2D004896DC /* Info.plist */,
				A508D86629804D3F00624B83 /* SplashScreenExampleApp.swift */,
				A508D89029804D9C00624B83 /* SplashScreenView.swift */,
				A508D8942980775300624B83 /* SplashScreenViewModel.swift */,
				A508D86A29804D4000624B83 /* Assets.xcassets */,
				A508D86C29804D4000624B83 /* Preview Content */,
			);
			path = SplashScreenExample;
			sourceTree = "<group>";
		};
		A508D86C29804D4000624B83 /* Preview Content */ = {
			isa = PBXGroup;
			children = (
				A52F1E4B29BA3A5A004896DC /* Bumper_Animation_Black_v2.json */,
				A52F1E4D29BA3A89004896DC /* Loading_Wheel_360x40.json */,
				A508D86D29804D4000624B83 /* Preview Assets.xcassets */,
			);
			path = "Preview Content";
			sourceTree = "<group>";
		};
		A508D87629804D4100624B83 /* SplashScreenExampleTests */ = {
			isa = PBXGroup;
			children = (
				A508D87729804D4100624B83 /* SplashScreenExampleTests.swift */,
			);
			path = SplashScreenExampleTests;
			sourceTree = "<group>";
		};
		A508D88029804D4100624B83 /* SplashScreenExampleUITests */ = {
			isa = PBXGroup;
			children = (
				A508D88129804D4100624B83 /* SplashScreenExampleUITests.swift */,
				A508D88329804D4100624B83 /* SplashScreenExampleUITestsLaunchTests.swift */,
			);
			path = SplashScreenExampleUITests;
			sourceTree = "<group>";
		};
		A52F1E2329ACF14B004896DC /* SetupGuides */ = {
			isa = PBXGroup;
			children = (
				A52F1E9129C25D2C004896DC /* SpeakerSetUpStart */,
				A52F1E3E29B67781004896DC /* Bass50Guides */,
				A52F1E3C29B6776A004896DC /* Jam5Guides */,
			);
			path = SetupGuides;
			sourceTree = "<group>";
		};
		A52F1E2A29B63E29004896DC /* IntroViews */ = {
			isa = PBXGroup;
			children = (
				A52F1E8C29C24D77004896DC /* WelcomeScreen */,
				A52F1E8B29C24D6C004896DC /* ContentView */,
				A52F1E8A29C24D5B004896DC /* BumperScreen */,
			);
			path = IntroViews;
			sourceTree = "<group>";
		};
		A52F1E2B29B66900004896DC /* HomeView */ = {
			isa = PBXGroup;
			children = (
				A5D2DAE329F174E70029993B /* SoundSettings */,
				A5D2DAE229F174C80029993B /* SoundPresetCreation */,
				A52F1D432995509C004896DC /* SpeakerCardView.swift */,
				A52F1D47299D18A9004896DC /* AddSpeakerCardView.swift */,
				A52F1D4129954BB0004896DC /* HomeView.swift */,
				A5D2DAD829DF0AD80029993B /* SpeakerSettingsView.swift */,
			);
			path = HomeView;
			sourceTree = "<group>";
		};
		A52F1E2C29B669FE004896DC /* Animations */ = {
			isa = PBXGroup;
			children = (
				A52F1E3629B66A7C004896DC /* Bumper_Animation_Black_v2-2.json */,
				A52F1E3529B66A7C004896DC /* Loading_Wheel_360x40.json */,
			);
			path = Animations;
			sourceTree = "<group>";
		};
		A52F1E3729B66A95004896DC /* Extensions */ = {
			isa = PBXGroup;
			children = (
				A52F1D392992B3A2004896DC /* View+Extension.swift */,
				A52F1D372992B37F004896DC /* PopupViewModifier.swift */,
				A52F1D3D2993F840004896DC /* Font+Extension.swift */,
			);
			path = Extensions;
			sourceTree = "<group>";
		};
		A52F1E3829B66D3F004896DC /* Components */ = {
			isa = PBXGroup;
			children = (
				A52F1D332992B331004896DC /* SheetManager.swift */,
				A52F1CF32984416F004896DC /* CheckBoxField.swift */,
				A52F1D352992B354004896DC /* PopupView.swift */,
				A52F1D4529958499004896DC /* SoundProfilePopupView.swift */,
				A5D2DAFF2A05695D0029993B /* NotificationView.swift */,
			);
			path = Components;
			sourceTree = "<group>";
		};
		A52F1E3929B67349004896DC /* NavigationOptions */ = {
			isa = PBXGroup;
			children = (
				A52F1E3A29B67365004896DC /* GreaterViewOptions.swift */,
			);
			path = NavigationOptions;
			sourceTree = "<group>";
		};
		A52F1E3C29B6776A004896DC /* Jam5Guides */ = {
			isa = PBXGroup;
			children = (
				A52F1E3F29B677BE004896DC /* JamConnectionSuccessfulView.swift */,
				A52F1E4129B68154004896DC /* FirmwareUpdateView.swift */,
				A52F1E4329B684A7004896DC /* JamRegisterView.swift */,
			);
			path = Jam5Guides;
			sourceTree = "<group>";
		};
		A52F1E3E29B67781004896DC /* Bass50Guides */ = {
			isa = PBXGroup;
			children = (
				A52F1E4529B8ECFD004896DC /* Bass50SetupOneView.swift */,
				A52F1E4729B8ED55004896DC /* Bass50SetupTwoView.swift */,
				A52F1E4929B8EE06004896DC /* Bass50SetupThreeView.swift */,
				A5D2DAA629CB40B00029993B /* Bass50SetupFourView.swift */,
				A5D2DAA829CB46E60029993B /* Bass50SetupFiveView.swift */,
				A5D2DAAA29CB4A7A0029993B /* Bass50SetupSixView.swift */,
				A5D2DAAC29CB4D960029993B /* Bass50SetupNineView.swift */,
				A5D2DAAE29CB52D90029993B /* Bass50SetupElevenView.swift */,
				A5D2DAB029CB53EB0029993B /* Bass50SetupTwelveView.swift */,
				A5D2DAB229CC85D40029993B /* Bass50SetupThirteenView.swift */,
				A5D2DAB629CC91680029993B /* Bass50Setup13FailedView.swift */,
				A5D2DAB829CC93A80029993B /* Bass50SetupThirteenLastAttemptView.swift */,
				A5D2DAB429CC8D890029993B /* Bass50SetupFourteenView.swift */,
				A5D2DABA29CC9BF70029993B /* Bass50SetupSeventeenCDMountView.swift */,
				A5D2DABC29CCA1410029993B /* Bass50SetupEighteenTurnStereoOnView.swift */,
				A5D2DABE29CCA3790029993B /* Bass50SetupNineteenSyncStartView.swift */,
				A5D2DAC029CDE5350029993B /* Bass50SetupTwentySyncCompleteView.swift */,
				A5D2DAC229D1E2290029993B /* Bass50SetupCompleteView.swift */,
				A5D2DAC629D1E4B20029993B /* Bass50SetupAutoSyncUnsuccessfulView.swift */,
				A5D2DAC829D1E5660029993B /* Bass50SetupManualSyncView.swift */,
				A5D2DACA29D1E9B20029993B /* Bass50SetupSpeakerSystemStartView.swift */,
				A5D2DACC29D202510029993B /* Bass50SpeakerSystemConnectStepOneView.swift */,
				A5D2DAD029D20A4F0029993B /* Bass50SpeakerSystemConnectStepTwoView.swift */,
				A5D2DAD429D32DD20029993B /* Bass50SpeakerSystemConnectStepThreeView.swift */,
				A5D2DAD629D32E8E0029993B /* Bass50SpeakerSystemOtherView.swift */,
				A5D2DAD229D20C0C0029993B /* Bass50SpeakerSystemConnectSuccuessfulView.swift */,
			);
			path = Bass50Guides;
			sourceTree = "<group>";
		};
		A52F1E5129BA4F1D004896DC /* TabView */ = {
			isa = PBXGroup;
			children = (
				A52F1E5229BA4F41004896DC /* BaseView.swift */,
			);
			path = TabView;
			sourceTree = "<group>";
		};
		A52F1E8A29C24D5B004896DC /* BumperScreen */ = {
			isa = PBXGroup;
			children = (
				A52F1CE42981A7A5004896DC /* BumperScreen.swift */,
				A52F1CED2982D45C004896DC /* BumperScreenViewModel.swift */,
			);
			path = BumperScreen;
			sourceTree = "<group>";
		};
		A52F1E8B29C24D6C004896DC /* ContentView */ = {
			isa = PBXGroup;
			children = (
				A508D86829804D3F00624B83 /* ContentView.swift */,
				A52F1E8D29C2524D004896DC /* ContentViewViewModel.swift */,
			);
			path = ContentView;
			sourceTree = "<group>";
		};
		A52F1E8C29C24D77004896DC /* WelcomeScreen */ = {
			isa = PBXGroup;
			children = (
				A52F1D3B2992CA78004896DC /* WelcomeScreenView.swift */,
				A52F1D3F2993FE9A004896DC /* WelcomeScreenTabbedView.swift */,
				A52F1E8F29C25544004896DC /* WelcomeScreenViewViewModel.swift */,
			);
			path = WelcomeScreen;
			sourceTree = "<group>";
		};
		A52F1E9129C25D2C004896DC /* SpeakerSetUpStart */ = {
			isa = PBXGroup;
			children = (
				A52F1E9429C25D6A004896DC /* SpeakerStepTwo */,
				A52F1E9329C25D59004896DC /* SpeakerStepOne */,
				A52F1E9229C25D48004896DC /* SpeakerSearchView */,
			);
			path = SpeakerSetUpStart;
			sourceTree = "<group>";
		};
		A52F1E9229C25D48004896DC /* SpeakerSearchView */ = {
			isa = PBXGroup;
			children = (
				A52F1E2429ACF178004896DC /* SetupGuideSpeakerSearchView.swift */,
				A52F1E9529C25DD1004896DC /* SetupGuideSpeakerSearchViewViewModel.swift */,
			);
			path = SpeakerSearchView;
			sourceTree = "<group>";
		};
		A52F1E9329C25D59004896DC /* SpeakerStepOne */ = {
			isa = PBXGroup;
			children = (
				A52F1E2629ACF712004896DC /* SetupGuideSpeakerConnectionStepOneView.swift */,
			);
			path = SpeakerStepOne;
			sourceTree = "<group>";
		};
		A52F1E9429C25D6A004896DC /* SpeakerStepTwo */ = {
			isa = PBXGroup;
			children = (
				A52F1E2829ACFBC0004896DC /* SetupGuideSpeakerConnectionStepTwoView.swift */,
			);
			path = SpeakerStepTwo;
			sourceTree = "<group>";
		};
		A5D2DAE229F174C80029993B /* SoundPresetCreation */ = {
			isa = PBXGroup;
			children = (
				A5D2DAE029E9DAE60029993B /* SoundPresetCreationSuccessView.swift */,
				A5D2DADC29E9A69C0029993B /* SoundPresetCreationLocationsView.swift */,
				A5D2DADA29E9977B0029993B /* SoundPresetCreationNameSoundView.swift */,
				A5D2DADE29E9D0E00029993B /* SoundPresetCreationPlacementGuidesView.swift */,
			);
			path = SoundPresetCreation;
			sourceTree = "<group>";
		};
		A5D2DAE329F174E70029993B /* SoundSettings */ = {
			isa = PBXGroup;
			children = (
				A5D2DAE429F175890029993B /* SoundSettingsView.swift */,
			);
			path = SoundSettings;
			sourceTree = "<group>";
		};
		A5D2DAE629F96A910029993B /* SettingsTab */ = {
			isa = PBXGroup;
			children = (
				A5D2DAE729F96AC70029993B /* SettingsTabView.swift */,
				A5D2DAE929FABF8B0029993B /* AppSettingsView.swift */,
				A5D2DAEE2A013C720029993B /* ButtonGuidesView.swift */,
				A5D2DAF22A013F600029993B /* JAM5ButtonsGuideView.swift */,
				A5D2DAF42A0143260029993B /* TipsAndTricksView.swift */,
				A5D2DAF62A0143780029993B /* JAM5TipsAndTricksView.swift */,
				A5D2DAF82A0146AF0029993B /* TroubleShootingGuidesView.swift */,
				A5D2DAFA2A0148980029993B /* JAM5TroubleShootingGuideView.swift */,
				A5D2DAFC2A014FDB0029993B /* ContactUsView.swift */,
			);
			path = SettingsTab;
			sourceTree = "<group>";
		};
		A5D2DAEB29FC55F60029993B /* ButtonStyles */ = {
			isa = PBXGroup;
			children = (
				A5D2DAEC29FC560B0029993B /* ButtonStyles.swift */,
			);
			path = ButtonStyles;
			sourceTree = "<group>";
		};
/* End PBXGroup section */

/* Begin PBXNativeTarget section */
		A508D86229804D3F00624B83 /* SplashScreenExample */ = {
			isa = PBXNativeTarget;
			buildConfigurationList = A508D88729804D4100624B83 /* Build configuration list for PBXNativeTarget "SplashScreenExample" */;
			buildPhases = (
				A508D85F29804D3F00624B83 /* Sources */,
				A508D86029804D3F00624B83 /* Frameworks */,
				A508D86129804D3F00624B83 /* Resources */,
			);
			buildRules = (
			);
			dependencies = (
			);
			name = SplashScreenExample;
			packageProductDependencies = (
				A52F1CE72981A8C1004896DC /* Lottie */,
			);
			productName = SplashScreenExample;
			productReference = A508D86329804D3F00624B83 /* SplashScreenExample.app */;
			productType = "com.apple.product-type.application";
		};
		A508D87229804D4100624B83 /* SplashScreenExampleTests */ = {
			isa = PBXNativeTarget;
			buildConfigurationList = A508D88A29804D4100624B83 /* Build configuration list for PBXNativeTarget "SplashScreenExampleTests" */;
			buildPhases = (
				A508D86F29804D4100624B83 /* Sources */,
				A508D87029804D4100624B83 /* Frameworks */,
				A508D87129804D4100624B83 /* Resources */,
			);
			buildRules = (
			);
			dependencies = (
				A508D87529804D4100624B83 /* PBXTargetDependency */,
			);
			name = SplashScreenExampleTests;
			productName = SplashScreenExampleTests;
			productReference = A508D87329804D4100624B83 /* SplashScreenExampleTests.xctest */;
			productType = "com.apple.product-type.bundle.unit-test";
		};
		A508D87C29804D4100624B83 /* SplashScreenExampleUITests */ = {
			isa = PBXNativeTarget;
			buildConfigurationList = A508D88D29804D4100624B83 /* Build configuration list for PBXNativeTarget "SplashScreenExampleUITests" */;
			buildPhases = (
				A508D87929804D4100624B83 /* Sources */,
				A508D87A29804D4100624B83 /* Frameworks */,
				A508D87B29804D4100624B83 /* Resources */,
			);
			buildRules = (
			);
			dependencies = (
				A508D87F29804D4100624B83 /* PBXTargetDependency */,
			);
			name = SplashScreenExampleUITests;
			productName = SplashScreenExampleUITests;
			productReference = A508D87D29804D4100624B83 /* SplashScreenExampleUITests.xctest */;
			productType = "com.apple.product-type.bundle.ui-testing";
		};
/* End PBXNativeTarget section */

/* Begin PBXProject section */
		A508D85B29804D3F00624B83 /* Project object */ = {
			isa = PBXProject;
			attributes = {
				BuildIndependentTargetsInParallel = 1;
				LastSwiftUpdateCheck = 1420;
				LastUpgradeCheck = 1420;
				TargetAttributes = {
					A508D86229804D3F00624B83 = {
						CreatedOnToolsVersion = 14.2;
					};
					A508D87229804D4100624B83 = {
						CreatedOnToolsVersion = 14.2;
						TestTargetID = A508D86229804D3F00624B83;
					};
					A508D87C29804D4100624B83 = {
						CreatedOnToolsVersion = 14.2;
						TestTargetID = A508D86229804D3F00624B83;
					};
				};
			};
			buildConfigurationList = A508D85E29804D3F00624B83 /* Build configuration list for PBXProject "SplashScreenExample" */;
			compatibilityVersion = "Xcode 14.0";
			developmentRegion = en;
			hasScannedForEncodings = 0;
			knownRegions = (
				en,
				Base,
			);
			mainGroup = A508D85A29804D3F00624B83;
			packageReferences = (
				A52F1CE62981A8C1004896DC /* XCRemoteSwiftPackageReference "lottie-ios" */,
			);
			productRefGroup = A508D86429804D3F00624B83 /* Products */;
			projectDirPath = "";
			projectRoot = "";
			targets = (
				A508D86229804D3F00624B83 /* SplashScreenExample */,
				A508D87229804D4100624B83 /* SplashScreenExampleTests */,
				A508D87C29804D4100624B83 /* SplashScreenExampleUITests */,
			);
		};
/* End PBXProject section */

/* Begin PBXResourcesBuildPhase section */
		A508D86129804D3F00624B83 /* Resources */ = {
			isa = PBXResourcesBuildPhase;
			buildActionMask = 2147483647;
			files = (
				A508D86E29804D4000624B83 /* Preview Assets.xcassets in Resources */,
				A508D86B29804D4000624B83 /* Assets.xcassets in Resources */,
				A52F1E4C29BA3A5A004896DC /* Bumper_Animation_Black_v2.json in Resources */,
				A52F1E4E29BA3A89004896DC /* Loading_Wheel_360x40.json in Resources */,
			);
			runOnlyForDeploymentPostprocessing = 0;
		};
		A508D87129804D4100624B83 /* Resources */ = {
			isa = PBXResourcesBuildPhase;
			buildActionMask = 2147483647;
			files = (
			);
			runOnlyForDeploymentPostprocessing = 0;
		};
		A508D87B29804D4100624B83 /* Resources */ = {
			isa = PBXResourcesBuildPhase;
			buildActionMask = 2147483647;
			files = (
			);
			runOnlyForDeploymentPostprocessing = 0;
		};
/* End PBXResourcesBuildPhase section */

/* Begin PBXSourcesBuildPhase section */
		A508D85F29804D3F00624B83 /* Sources */ = {
			isa = PBXSourcesBuildPhase;
			buildActionMask = 2147483647;
			files = (
				A5D2DAAD29CB4D960029993B /* Bass50SetupNineView.swift in Sources */,
				A52F1E5329BA4F41004896DC /* BaseView.swift in Sources */,
				A5D2DAFD2A014FDB0029993B /* ContactUsView.swift in Sources */,
				A5D2DAB529CC8D890029993B /* Bass50SetupFourteenView.swift in Sources */,
				A52F1E2929ACFBC0004896DC /* SetupGuideSpeakerConnectionStepTwoView.swift in Sources */,
				A52F1D3C2992CA78004896DC /* WelcomeScreenView.swift in Sources */,
				A5D2DAF72A0143780029993B /* JAM5TipsAndTricksView.swift in Sources */,
				A5D2DADB29E9977B0029993B /* SoundPresetCreationNameSoundView.swift in Sources */,
				A5D2DABF29CCA3790029993B /* Bass50SetupNineteenSyncStartView.swift in Sources */,
				A52F1D402993FE9A004896DC /* WelcomeScreenTabbedView.swift in Sources */,
				A5D2DADF29E9D0E00029993B /* SoundPresetCreationPlacementGuidesView.swift in Sources */,
				A52F1D362992B354004896DC /* PopupView.swift in Sources */,
				A5D2DAB929CC93A80029993B /* Bass50SetupThirteenLastAttemptView.swift in Sources */,
				A5D2DAF52A0143260029993B /* TipsAndTricksView.swift in Sources */,
				A508D86929804D3F00624B83 /* ContentView.swift in Sources */,
				A5D2DACB29D1E9B20029993B /* Bass50SetupSpeakerSystemStartView.swift in Sources */,
				A52F1D48299D18A9004896DC /* AddSpeakerCardView.swift in Sources */,
				A52F1E4229B68154004896DC /* FirmwareUpdateView.swift in Sources */,
				A52F1D4229954BB0004896DC /* HomeView.swift in Sources */,
				A52F1E4829B8ED55004896DC /* Bass50SetupTwoView.swift in Sources */,
				A5D2DAEF2A013C720029993B /* ButtonGuidesView.swift in Sources */,
				A52F1D382992B380004896DC /* PopupViewModifier.swift in Sources */,
				A52F1CE52981A7A5004896DC /* BumperScreen.swift in Sources */,
				A52F1E9629C25DD1004896DC /* SetupGuideSpeakerSearchViewViewModel.swift in Sources */,
				A52F1E4A29B8EE06004896DC /* Bass50SetupThreeView.swift in Sources */,
				A5D2DAD929DF0AD80029993B /* SpeakerSettingsView.swift in Sources */,
				A5D2DAB729CC91680029993B /* Bass50Setup13FailedView.swift in Sources */,
				A5D2DAA929CB46E60029993B /* Bass50SetupFiveView.swift in Sources */,
				A52F1D4629958499004896DC /* SoundProfilePopupView.swift in Sources */,
				A52F1E3B29B67365004896DC /* GreaterViewOptions.swift in Sources */,
				A52F1E9029C25544004896DC /* WelcomeScreenViewViewModel.swift in Sources */,
				A5D2DAC729D1E4B20029993B /* Bass50SetupAutoSyncUnsuccessfulView.swift in Sources */,
				A508D86729804D3F00624B83 /* SplashScreenExampleApp.swift in Sources */,
				A5D2DAA729CB40B00029993B /* Bass50SetupFourView.swift in Sources */,
				A52F1E2529ACF178004896DC /* SetupGuideSpeakerSearchView.swift in Sources */,
				A5D2DB002A05695D0029993B /* NotificationView.swift in Sources */,
				A5D2DAD729D32E8E0029993B /* Bass50SpeakerSystemOtherView.swift in Sources */,
				A5D2DAE129E9DAE60029993B /* SoundPresetCreationSuccessView.swift in Sources */,
				A52F1CF42984416F004896DC /* CheckBoxField.swift in Sources */,
				A5D2DAD529D32DD20029993B /* Bass50SpeakerSystemConnectStepThreeView.swift in Sources */,
				A52F1CEE2982D45C004896DC /* BumperScreenViewModel.swift in Sources */,
				A5D2DAB329CC85D40029993B /* Bass50SetupThirteenView.swift in Sources */,
				A5D2DADD29E9A69C0029993B /* SoundPresetCreationLocationsView.swift in Sources */,
				A5D2DAD129D20A4F0029993B /* Bass50SpeakerSystemConnectStepTwoView.swift in Sources */,
				A508D89129804D9C00624B83 /* SplashScreenView.swift in Sources */,
				A5D2DABB29CC9BF70029993B /* Bass50SetupSeventeenCDMountView.swift in Sources */,
				A5D2DAC129CDE5350029993B /* Bass50SetupTwentySyncCompleteView.swift in Sources */,
				A5D2DAAB29CB4A7A0029993B /* Bass50SetupSixView.swift in Sources */,
				A5D2DABD29CCA1410029993B /* Bass50SetupEighteenTurnStereoOnView.swift in Sources */,
				A52F1E4629B8ECFD004896DC /* Bass50SetupOneView.swift in Sources */,
				A5D2DAED29FC560B0029993B /* ButtonStyles.swift in Sources */,
				A5D2DACD29D202510029993B /* Bass50SpeakerSystemConnectStepOneView.swift in Sources */,
				A5D2DAAF29CB52D90029993B /* Bass50SetupElevenView.swift in Sources */,
				A5D2DAC329D1E2290029993B /* Bass50SetupCompleteView.swift in Sources */,
				A5D2DAF92A0146AF0029993B /* TroubleShootingGuidesView.swift in Sources */,
				A5D2DAF32A013F600029993B /* JAM5ButtonsGuideView.swift in Sources */,
				A52F1D3E2993F840004896DC /* Font+Extension.swift in Sources */,
				A5D2DAB129CB53EB0029993B /* Bass50SetupTwelveView.swift in Sources */,
				A5D2DAD329D20C0C0029993B /* Bass50SpeakerSystemConnectSuccuessfulView.swift in Sources */,
				A52F1D442995509C004896DC /* SpeakerCardView.swift in Sources */,
				A52F1E2729ACF712004896DC /* SetupGuideSpeakerConnectionStepOneView.swift in Sources */,
				A52F1E4429B684A7004896DC /* JamRegisterView.swift in Sources */,
				A52F1D3A2992B3A2004896DC /* View+Extension.swift in Sources */,
				A52F1E4029B677BE004896DC /* JamConnectionSuccessfulView.swift in Sources */,
				A508D8952980775300624B83 /* SplashScreenViewModel.swift in Sources */,
				A5D2DAE829F96AC70029993B /* SettingsTabView.swift in Sources */,
				A5D2DAEA29FABF8B0029993B /* AppSettingsView.swift in Sources */,
				A52F1D342992B331004896DC /* SheetManager.swift in Sources */,
				A5D2DAC929D1E5660029993B /* Bass50SetupManualSyncView.swift in Sources */,
				A5D2DAFB2A0148980029993B /* JAM5TroubleShootingGuideView.swift in Sources */,
				A5D2DAE529F175890029993B /* SoundSettingsView.swift in Sources */,
				A52F1E8E29C2524D004896DC /* ContentViewViewModel.swift in Sources */,
			);
			runOnlyForDeploymentPostprocessing = 0;
		};
		A508D86F29804D4100624B83 /* Sources */ = {
			isa = PBXSourcesBuildPhase;
			buildActionMask = 2147483647;
			files = (
				A508D87829804D4100624B83 /* SplashScreenExampleTests.swift in Sources */,
			);
			runOnlyForDeploymentPostprocessing = 0;
		};
		A508D87929804D4100624B83 /* Sources */ = {
			isa = PBXSourcesBuildPhase;
			buildActionMask = 2147483647;
			files = (
				A508D88429804D4100624B83 /* SplashScreenExampleUITestsLaunchTests.swift in Sources */,
				A508D88229804D4100624B83 /* SplashScreenExampleUITests.swift in Sources */,
			);
			runOnlyForDeploymentPostprocessing = 0;
		};
/* End PBXSourcesBuildPhase section */

/* Begin PBXTargetDependency section */
		A508D87529804D4100624B83 /* PBXTargetDependency */ = {
			isa = PBXTargetDependency;
			target = A508D86229804D3F00624B83 /* SplashScreenExample */;
			targetProxy = A508D87429804D4100624B83 /* PBXContainerItemProxy */;
		};
		A508D87F29804D4100624B83 /* PBXTargetDependency */ = {
			isa = PBXTargetDependency;
			target = A508D86229804D3F00624B83 /* SplashScreenExample */;
			targetProxy = A508D87E29804D4100624B83 /* PBXContainerItemProxy */;
		};
/* End PBXTargetDependency section */

/* Begin XCBuildConfiguration section */
		A508D88529804D4100624B83 /* Debug */ = {
			isa = XCBuildConfiguration;
			buildSettings = {
				ALWAYS_SEARCH_USER_PATHS = NO;
				CLANG_ANALYZER_NONNULL = YES;
				CLANG_ANALYZER_NUMBER_OBJECT_CONVERSION = YES_AGGRESSIVE;
				CLANG_CXX_LANGUAGE_STANDARD = "gnu++20";
				CLANG_ENABLE_MODULES = YES;
				CLANG_ENABLE_OBJC_ARC = YES;
				CLANG_ENABLE_OBJC_WEAK = YES;
				CLANG_WARN_BLOCK_CAPTURE_AUTORELEASING = YES;
				CLANG_WARN_BOOL_CONVERSION = YES;
				CLANG_WARN_COMMA = YES;
				CLANG_WARN_CONSTANT_CONVERSION = YES;
				CLANG_WARN_DEPRECATED_OBJC_IMPLEMENTATIONS = YES;
				CLANG_WARN_DIRECT_OBJC_ISA_USAGE = YES_ERROR;
				CLANG_WARN_DOCUMENTATION_COMMENTS = YES;
				CLANG_WARN_EMPTY_BODY = YES;
				CLANG_WARN_ENUM_CONVERSION = YES;
				CLANG_WARN_INFINITE_RECURSION = YES;
				CLANG_WARN_INT_CONVERSION = YES;
				CLANG_WARN_NON_LITERAL_NULL_CONVERSION = YES;
				CLANG_WARN_OBJC_IMPLICIT_RETAIN_SELF = YES;
				CLANG_WARN_OBJC_LITERAL_CONVERSION = YES;
				CLANG_WARN_OBJC_ROOT_CLASS = YES_ERROR;
				CLANG_WARN_QUOTED_INCLUDE_IN_FRAMEWORK_HEADER = YES;
				CLANG_WARN_RANGE_LOOP_ANALYSIS = YES;
				CLANG_WARN_STRICT_PROTOTYPES = YES;
				CLANG_WARN_SUSPICIOUS_MOVE = YES;
				CLANG_WARN_UNGUARDED_AVAILABILITY = YES_AGGRESSIVE;
				CLANG_WARN_UNREACHABLE_CODE = YES;
				CLANG_WARN__DUPLICATE_METHOD_MATCH = YES;
				COPY_PHASE_STRIP = NO;
				DEBUG_INFORMATION_FORMAT = dwarf;
				ENABLE_STRICT_OBJC_MSGSEND = YES;
				ENABLE_TESTABILITY = YES;
				GCC_C_LANGUAGE_STANDARD = gnu11;
				GCC_DYNAMIC_NO_PIC = NO;
				GCC_NO_COMMON_BLOCKS = YES;
				GCC_OPTIMIZATION_LEVEL = 0;
				GCC_PREPROCESSOR_DEFINITIONS = (
					"DEBUG=1",
					"$(inherited)",
				);
				GCC_WARN_64_TO_32_BIT_CONVERSION = YES;
				GCC_WARN_ABOUT_RETURN_TYPE = YES_ERROR;
				GCC_WARN_UNDECLARED_SELECTOR = YES;
				GCC_WARN_UNINITIALIZED_AUTOS = YES_AGGRESSIVE;
				GCC_WARN_UNUSED_FUNCTION = YES;
				GCC_WARN_UNUSED_VARIABLE = YES;
				IPHONEOS_DEPLOYMENT_TARGET = 16.2;
				MTL_ENABLE_DEBUG_INFO = INCLUDE_SOURCE;
				MTL_FAST_MATH = YES;
				ONLY_ACTIVE_ARCH = YES;
				SDKROOT = iphoneos;
				SWIFT_ACTIVE_COMPILATION_CONDITIONS = DEBUG;
				SWIFT_OPTIMIZATION_LEVEL = "-Onone";
			};
			name = Debug;
		};
		A508D88629804D4100624B83 /* Release */ = {
			isa = XCBuildConfiguration;
			buildSettings = {
				ALWAYS_SEARCH_USER_PATHS = NO;
				CLANG_ANALYZER_NONNULL = YES;
				CLANG_ANALYZER_NUMBER_OBJECT_CONVERSION = YES_AGGRESSIVE;
				CLANG_CXX_LANGUAGE_STANDARD = "gnu++20";
				CLANG_ENABLE_MODULES = YES;
				CLANG_ENABLE_OBJC_ARC = YES;
				CLANG_ENABLE_OBJC_WEAK = YES;
				CLANG_WARN_BLOCK_CAPTURE_AUTORELEASING = YES;
				CLANG_WARN_BOOL_CONVERSION = YES;
				CLANG_WARN_COMMA = YES;
				CLANG_WARN_CONSTANT_CONVERSION = YES;
				CLANG_WARN_DEPRECATED_OBJC_IMPLEMENTATIONS = YES;
				CLANG_WARN_DIRECT_OBJC_ISA_USAGE = YES_ERROR;
				CLANG_WARN_DOCUMENTATION_COMMENTS = YES;
				CLANG_WARN_EMPTY_BODY = YES;
				CLANG_WARN_ENUM_CONVERSION = YES;
				CLANG_WARN_INFINITE_RECURSION = YES;
				CLANG_WARN_INT_CONVERSION = YES;
				CLANG_WARN_NON_LITERAL_NULL_CONVERSION = YES;
				CLANG_WARN_OBJC_IMPLICIT_RETAIN_SELF = YES;
				CLANG_WARN_OBJC_LITERAL_CONVERSION = YES;
				CLANG_WARN_OBJC_ROOT_CLASS = YES_ERROR;
				CLANG_WARN_QUOTED_INCLUDE_IN_FRAMEWORK_HEADER = YES;
				CLANG_WARN_RANGE_LOOP_ANALYSIS = YES;
				CLANG_WARN_STRICT_PROTOTYPES = YES;
				CLANG_WARN_SUSPICIOUS_MOVE = YES;
				CLANG_WARN_UNGUARDED_AVAILABILITY = YES_AGGRESSIVE;
				CLANG_WARN_UNREACHABLE_CODE = YES;
				CLANG_WARN__DUPLICATE_METHOD_MATCH = YES;
				COPY_PHASE_STRIP = NO;
				DEBUG_INFORMATION_FORMAT = "dwarf-with-dsym";
				ENABLE_NS_ASSERTIONS = NO;
				ENABLE_STRICT_OBJC_MSGSEND = YES;
				GCC_C_LANGUAGE_STANDARD = gnu11;
				GCC_NO_COMMON_BLOCKS = YES;
				GCC_WARN_64_TO_32_BIT_CONVERSION = YES;
				GCC_WARN_ABOUT_RETURN_TYPE = YES_ERROR;
				GCC_WARN_UNDECLARED_SELECTOR = YES;
				GCC_WARN_UNINITIALIZED_AUTOS = YES_AGGRESSIVE;
				GCC_WARN_UNUSED_FUNCTION = YES;
				GCC_WARN_UNUSED_VARIABLE = YES;
				IPHONEOS_DEPLOYMENT_TARGET = 16.2;
				MTL_ENABLE_DEBUG_INFO = NO;
				MTL_FAST_MATH = YES;
				SDKROOT = iphoneos;
				SWIFT_COMPILATION_MODE = wholemodule;
				SWIFT_OPTIMIZATION_LEVEL = "-O";
				VALIDATE_PRODUCT = YES;
			};
			name = Release;
		};
		A508D88829804D4100624B83 /* Debug */ = {
			isa = XCBuildConfiguration;
			buildSettings = {
				ASSETCATALOG_COMPILER_APPICON_NAME = AppIcon;
				ASSETCATALOG_COMPILER_GLOBAL_ACCENT_COLOR_NAME = AccentColor;
				CODE_SIGN_STYLE = Automatic;
				CURRENT_PROJECT_VERSION = 1;
				DEVELOPMENT_ASSET_PATHS = "\"SplashScreenExample/Preview Content\"";
				ENABLE_PREVIEWS = YES;
				GENERATE_INFOPLIST_FILE = YES;
				INFOPLIST_FILE = SplashScreenExample/Info.plist;
				INFOPLIST_KEY_UIApplicationSceneManifest_Generation = YES;
				INFOPLIST_KEY_UIApplicationSupportsIndirectInputEvents = YES;
				INFOPLIST_KEY_UISupportedInterfaceOrientations_iPad = "UIInterfaceOrientationPortrait UIInterfaceOrientationPortraitUpsideDown UIInterfaceOrientationLandscapeLeft UIInterfaceOrientationLandscapeRight";
				INFOPLIST_KEY_UISupportedInterfaceOrientations_iPhone = "UIInterfaceOrientationPortrait UIInterfaceOrientationLandscapeLeft UIInterfaceOrientationLandscapeRight";
				LD_RUNPATH_SEARCH_PATHS = (
					"$(inherited)",
					"@executable_path/Frameworks",
				);
				MARKETING_VERSION = 1.0;
				PRODUCT_BUNDLE_IDENTIFIER = Trulli.SplashScreenExample;
				PRODUCT_NAME = "$(TARGET_NAME)";
				SWIFT_EMIT_LOC_STRINGS = YES;
				SWIFT_VERSION = 5.0;
				TARGETED_DEVICE_FAMILY = "1,2";
			};
			name = Debug;
		};
		A508D88929804D4100624B83 /* Release */ = {
			isa = XCBuildConfiguration;
			buildSettings = {
				ASSETCATALOG_COMPILER_APPICON_NAME = AppIcon;
				ASSETCATALOG_COMPILER_GLOBAL_ACCENT_COLOR_NAME = AccentColor;
				CODE_SIGN_STYLE = Automatic;
				CURRENT_PROJECT_VERSION = 1;
				DEVELOPMENT_ASSET_PATHS = "\"SplashScreenExample/Preview Content\"";
				ENABLE_PREVIEWS = YES;
				GENERATE_INFOPLIST_FILE = YES;
				INFOPLIST_FILE = SplashScreenExample/Info.plist;
				INFOPLIST_KEY_UIApplicationSceneManifest_Generation = YES;
				INFOPLIST_KEY_UIApplicationSupportsIndirectInputEvents = YES;
				INFOPLIST_KEY_UISupportedInterfaceOrientations_iPad = "UIInterfaceOrientationPortrait UIInterfaceOrientationPortraitUpsideDown UIInterfaceOrientationLandscapeLeft UIInterfaceOrientationLandscapeRight";
				INFOPLIST_KEY_UISupportedInterfaceOrientations_iPhone = "UIInterfaceOrientationPortrait UIInterfaceOrientationLandscapeLeft UIInterfaceOrientationLandscapeRight";
				LD_RUNPATH_SEARCH_PATHS = (
					"$(inherited)",
					"@executable_path/Frameworks",
				);
				MARKETING_VERSION = 1.0;
				PRODUCT_BUNDLE_IDENTIFIER = Trulli.SplashScreenExample;
				PRODUCT_NAME = "$(TARGET_NAME)";
				SWIFT_EMIT_LOC_STRINGS = YES;
				SWIFT_VERSION = 5.0;
				TARGETED_DEVICE_FAMILY = "1,2";
			};
			name = Release;
		};
		A508D88B29804D4100624B83 /* Debug */ = {
			isa = XCBuildConfiguration;
			buildSettings = {
				ALWAYS_EMBED_SWIFT_STANDARD_LIBRARIES = YES;
				BUNDLE_LOADER = "$(TEST_HOST)";
				CODE_SIGN_STYLE = Automatic;
				CURRENT_PROJECT_VERSION = 1;
				GENERATE_INFOPLIST_FILE = YES;
				IPHONEOS_DEPLOYMENT_TARGET = 16.2;
				MARKETING_VERSION = 1.0;
				PRODUCT_BUNDLE_IDENTIFIER = Trulli.SplashScreenExampleTests;
				PRODUCT_NAME = "$(TARGET_NAME)";
				SWIFT_EMIT_LOC_STRINGS = NO;
				SWIFT_VERSION = 5.0;
				TARGETED_DEVICE_FAMILY = "1,2";
				TEST_HOST = "$(BUILT_PRODUCTS_DIR)/SplashScreenExample.app/$(BUNDLE_EXECUTABLE_FOLDER_PATH)/SplashScreenExample";
			};
			name = Debug;
		};
		A508D88C29804D4100624B83 /* Release */ = {
			isa = XCBuildConfiguration;
			buildSettings = {
				ALWAYS_EMBED_SWIFT_STANDARD_LIBRARIES = YES;
				BUNDLE_LOADER = "$(TEST_HOST)";
				CODE_SIGN_STYLE = Automatic;
				CURRENT_PROJECT_VERSION = 1;
				GENERATE_INFOPLIST_FILE = YES;
				IPHONEOS_DEPLOYMENT_TARGET = 16.2;
				MARKETING_VERSION = 1.0;
				PRODUCT_BUNDLE_IDENTIFIER = Trulli.SplashScreenExampleTests;
				PRODUCT_NAME = "$(TARGET_NAME)";
				SWIFT_EMIT_LOC_STRINGS = NO;
				SWIFT_VERSION = 5.0;
				TARGETED_DEVICE_FAMILY = "1,2";
				TEST_HOST = "$(BUILT_PRODUCTS_DIR)/SplashScreenExample.app/$(BUNDLE_EXECUTABLE_FOLDER_PATH)/SplashScreenExample";
			};
			name = Release;
		};
		A508D88E29804D4100624B83 /* Debug */ = {
			isa = XCBuildConfiguration;
			buildSettings = {
				ALWAYS_EMBED_SWIFT_STANDARD_LIBRARIES = YES;
				CODE_SIGN_STYLE = Automatic;
				CURRENT_PROJECT_VERSION = 1;
				GENERATE_INFOPLIST_FILE = YES;
				MARKETING_VERSION = 1.0;
				PRODUCT_BUNDLE_IDENTIFIER = Trulli.SplashScreenExampleUITests;
				PRODUCT_NAME = "$(TARGET_NAME)";
				SWIFT_EMIT_LOC_STRINGS = NO;
				SWIFT_VERSION = 5.0;
				TARGETED_DEVICE_FAMILY = "1,2";
				TEST_TARGET_NAME = SplashScreenExample;
			};
			name = Debug;
		};
		A508D88F29804D4100624B83 /* Release */ = {
			isa = XCBuildConfiguration;
			buildSettings = {
				ALWAYS_EMBED_SWIFT_STANDARD_LIBRARIES = YES;
				CODE_SIGN_STYLE = Automatic;
				CURRENT_PROJECT_VERSION = 1;
				GENERATE_INFOPLIST_FILE = YES;
				MARKETING_VERSION = 1.0;
				PRODUCT_BUNDLE_IDENTIFIER = Trulli.SplashScreenExampleUITests;
				PRODUCT_NAME = "$(TARGET_NAME)";
				SWIFT_EMIT_LOC_STRINGS = NO;
				SWIFT_VERSION = 5.0;
				TARGETED_DEVICE_FAMILY = "1,2";
				TEST_TARGET_NAME = SplashScreenExample;
			};
			name = Release;
		};
/* End XCBuildConfiguration section */

/* Begin XCConfigurationList section */
		A508D85E29804D3F00624B83 /* Build configuration list for PBXProject "SplashScreenExample" */ = {
			isa = XCConfigurationList;
			buildConfigurations = (
				A508D88529804D4100624B83 /* Debug */,
				A508D88629804D4100624B83 /* Release */,
			);
			defaultConfigurationIsVisible = 0;
			defaultConfigurationName = Release;
		};
		A508D88729804D4100624B83 /* Build configuration list for PBXNativeTarget "SplashScreenExample" */ = {
			isa = XCConfigurationList;
			buildConfigurations = (
				A508D88829804D4100624B83 /* Debug */,
				A508D88929804D4100624B83 /* Release */,
			);
			defaultConfigurationIsVisible = 0;
			defaultConfigurationName = Release;
		};
		A508D88A29804D4100624B83 /* Build configuration list for PBXNativeTarget "SplashScreenExampleTests" */ = {
			isa = XCConfigurationList;
			buildConfigurations = (
				A508D88B29804D4100624B83 /* Debug */,
				A508D88C29804D4100624B83 /* Release */,
			);
			defaultConfigurationIsVisible = 0;
			defaultConfigurationName = Release;
		};
		A508D88D29804D4100624B83 /* Build configuration list for PBXNativeTarget "SplashScreenExampleUITests" */ = {
			isa = XCConfigurationList;
			buildConfigurations = (
				A508D88E29804D4100624B83 /* Debug */,
				A508D88F29804D4100624B83 /* Release */,
			);
			defaultConfigurationIsVisible = 0;
			defaultConfigurationName = Release;
		};
/* End XCConfigurationList section */

/* Begin XCRemoteSwiftPackageReference section */
		A52F1CE62981A8C1004896DC /* XCRemoteSwiftPackageReference "lottie-ios" */ = {
			isa = XCRemoteSwiftPackageReference;
			repositoryURL = "https://github.com/airbnb/lottie-ios";
			requirement = {
				kind = upToNextMajorVersion;
				minimumVersion = 4.1.0;
			};
		};
/* End XCRemoteSwiftPackageReference section */

/* Begin XCSwiftPackageProductDependency section */
		A52F1CE72981A8C1004896DC /* Lottie */ = {
			isa = XCSwiftPackageProductDependency;
			package = A52F1CE62981A8C1004896DC /* XCRemoteSwiftPackageReference "lottie-ios" */;
			productName = Lottie;
		};
/* End XCSwiftPackageProductDependency section */
	};
	rootObject = A508D85B29804D3F00624B83 /* Project object */;
}
